// !$*UTF8*$!
{
	archiveVersion = 1;
	classes = {
	};
	objectVersion = 50;
	objects = {

/* Begin PBXBuildFile section */
		B2DC77D426491D0C001C23BE /* AppDelegate.swift in Sources */ = {isa = PBXBuildFile; fileRef = B2DC77D326491D0C001C23BE /* AppDelegate.swift */; };
		B2DC77D626491D0C001C23BE /* SceneDelegate.swift in Sources */ = {isa = PBXBuildFile; fileRef = B2DC77D526491D0C001C23BE /* SceneDelegate.swift */; };
		B2DC77D826491D0C001C23BE /* HomeVC.swift in Sources */ = {isa = PBXBuildFile; fileRef = B2DC77D726491D0C001C23BE /* HomeVC.swift */; };
		B2DC77DB26491D0C001C23BE /* Main.storyboard in Resources */ = {isa = PBXBuildFile; fileRef = B2DC77D926491D0C001C23BE /* Main.storyboard */; };
		B2DC77DD26491D11001C23BE /* Assets.xcassets in Resources */ = {isa = PBXBuildFile; fileRef = B2DC77DC26491D11001C23BE /* Assets.xcassets */; };
		B2DC77E026491D11001C23BE /* LaunchScreen.storyboard in Resources */ = {isa = PBXBuildFile; fileRef = B2DC77DE26491D11001C23BE /* LaunchScreen.storyboard */; };
		B2DC77EB2649206D001C23BE /* nameOfPlayersVC.swift in Sources */ = {isa = PBXBuildFile; fileRef = B2DC77EA2649206D001C23BE /* nameOfPlayersVC.swift */; };
		B2DC77EE2649208E001C23BE /* ChooseYourNumberVC.swift in Sources */ = {isa = PBXBuildFile; fileRef = B2DC77ED2649208E001C23BE /* ChooseYourNumberVC.swift */; };
		B2DC77F1264920AC001C23BE /* GameVC.swift in Sources */ = {isa = PBXBuildFile; fileRef = B2DC77F0264920AC001C23BE /* GameVC.swift */; };
/* End PBXBuildFile section */

/* Begin PBXFileReference section */
		B2DC77D026491D0C001C23BE /* 32.app */ = {isa = PBXFileReference; explicitFileType = wrapper.application; includeInIndex = 0; path = 32.app; sourceTree = BUILT_PRODUCTS_DIR; };
		B2DC77D326491D0C001C23BE /* AppDelegate.swift */ = {isa = PBXFileReference; lastKnownFileType = sourcecode.swift; path = AppDelegate.swift; sourceTree = "<group>"; };
		B2DC77D526491D0C001C23BE /* SceneDelegate.swift */ = {isa = PBXFileReference; lastKnownFileType = sourcecode.swift; path = SceneDelegate.swift; sourceTree = "<group>"; };
		B2DC77D726491D0C001C23BE /* HomeVC.swift */ = {isa = PBXFileReference; lastKnownFileType = sourcecode.swift; path = HomeVC.swift; sourceTree = "<group>"; };
		B2DC77DA26491D0C001C23BE /* Base */ = {isa = PBXFileReference; lastKnownFileType = file.storyboard; name = Base; path = Base.lproj/Main.storyboard; sourceTree = "<group>"; };
		B2DC77DC26491D11001C23BE /* Assets.xcassets */ = {isa = PBXFileReference; lastKnownFileType = folder.assetcatalog; path = Assets.xcassets; sourceTree = "<group>"; };
		B2DC77DF26491D11001C23BE /* Base */ = {isa = PBXFileReference; lastKnownFileType = file.storyboard; name = Base; path = Base.lproj/LaunchScreen.storyboard; sourceTree = "<group>"; };
		B2DC77E126491D11001C23BE /* Info.plist */ = {isa = PBXFileReference; lastKnownFileType = text.plist.xml; path = Info.plist; sourceTree = "<group>"; };
		B2DC77EA2649206D001C23BE /* nameOfPlayersVC.swift */ = {isa = PBXFileReference; lastKnownFileType = sourcecode.swift; path = nameOfPlayersVC.swift; sourceTree = "<group>"; };
		B2DC77ED2649208E001C23BE /* ChooseYourNumberVC.swift */ = {isa = PBXFileReference; lastKnownFileType = sourcecode.swift; path = ChooseYourNumberVC.swift; sourceTree = "<group>"; };
		B2DC77F0264920AC001C23BE /* GameVC.swift */ = {isa = PBXFileReference; lastKnownFileType = sourcecode.swift; path = GameVC.swift; sourceTree = "<group>"; };
/* End PBXFileReference section */

/* Begin PBXFrameworksBuildPhase section */
		B2DC77CD26491D0C001C23BE /* Frameworks */ = {
			isa = PBXFrameworksBuildPhase;
			buildActionMask = 2147483647;
			files = (
			);
			runOnlyForDeploymentPostprocessing = 0;
		};
/* End PBXFrameworksBuildPhase section */

/* Begin PBXGroup section */
		B2DC77C726491D0C001C23BE = {
			isa = PBXGroup;
			children = (
				B2DC77D226491D0C001C23BE /* 32 */,
				B2DC77D126491D0C001C23BE /* Products */,
			);
			sourceTree = "<group>";
		};
		B2DC77D126491D0C001C23BE /* Products */ = {
			isa = PBXGroup;
			children = (
				B2DC77D026491D0C001C23BE /* 32.app */,
			);
			name = Products;
			sourceTree = "<group>";
		};
		B2DC77D226491D0C001C23BE /* 32 */ = {
			isa = PBXGroup;
			children = (
				B2DC77E826491EC5001C23BE /* ViewControllers */,
				B2DC77D326491D0C001C23BE /* AppDelegate.swift */,
				B2DC77D526491D0C001C23BE /* SceneDelegate.swift */,
				B2DC77D926491D0C001C23BE /* Main.storyboard */,
				B2DC77DC26491D11001C23BE /* Assets.xcassets */,
				B2DC77DE26491D11001C23BE /* LaunchScreen.storyboard */,
				B2DC77E126491D11001C23BE /* Info.plist */,
			);
			path = 32;
			sourceTree = "<group>";
		};
		B2DC77E826491EC5001C23BE /* ViewControllers */ = {
			isa = PBXGroup;
			children = (
				B2DC77D726491D0C001C23BE /* HomeVC.swift */,
				B2DC77EA2649206D001C23BE /* nameOfPlayersVC.swift */,
				B2DC77ED2649208E001C23BE /* ChooseYourNumberVC.swift */,
				B2DC77F0264920AC001C23BE /* GameVC.swift */,
			);
			path = ViewControllers;
			sourceTree = "<group>";
		};
/* End PBXGroup section */

/* Begin PBXNativeTarget section */
		B2DC77CF26491D0C001C23BE /* 32 */ = {
			isa = PBXNativeTarget;
			buildConfigurationList = B2DC77E426491D11001C23BE /* Build configuration list for PBXNativeTarget "32" */;
			buildPhases = (
				B2DC77CC26491D0C001C23BE /* Sources */,
				B2DC77CD26491D0C001C23BE /* Frameworks */,
				B2DC77CE26491D0C001C23BE /* Resources */,
			);
			buildRules = (
			);
			dependencies = (
			);
			name = 32;
			productName = 32;
			productReference = B2DC77D026491D0C001C23BE /* 32.app */;
			productType = "com.apple.product-type.application";
		};
/* End PBXNativeTarget section */

/* Begin PBXProject section */
		B2DC77C826491D0C001C23BE /* Project object */ = {
			isa = PBXProject;
			attributes = {
				LastSwiftUpdateCheck = 1240;
				LastUpgradeCheck = 1240;
				TargetAttributes = {
					B2DC77CF26491D0C001C23BE = {
						CreatedOnToolsVersion = 12.4;
					};
				};
			};
			buildConfigurationList = B2DC77CB26491D0C001C23BE /* Build configuration list for PBXProject "32" */;
			compatibilityVersion = "Xcode 9.3";
			developmentRegion = en;
			hasScannedForEncodings = 0;
			knownRegions = (
				en,
				Base,
			);
			mainGroup = B2DC77C726491D0C001C23BE;
			productRefGroup = B2DC77D126491D0C001C23BE /* Products */;
			projectDirPath = "";
			projectRoot = "";
			targets = (
				B2DC77CF26491D0C001C23BE /* 32 */,
			);
		};
/* End PBXProject section */

/* Begin PBXResourcesBuildPhase section */
		B2DC77CE26491D0C001C23BE /* Resources */ = {
			isa = PBXResourcesBuildPhase;
			buildActionMask = 2147483647;
			files = (
				B2DC77E026491D11001C23BE /* LaunchScreen.storyboard in Resources */,
				B2DC77DD26491D11001C23BE /* Assets.xcassets in Resources */,
				B2DC77DB26491D0C001C23BE /* Main.storyboard in Resources */,
			);
			runOnlyForDeploymentPostprocessing = 0;
		};
/* End PBXResourcesBuildPhase section */

/* Begin PBXSourcesBuildPhase section */
		B2DC77CC26491D0C001C23BE /* Sources */ = {
			isa = PBXSourcesBuildPhase;
			buildActionMask = 2147483647;
			files = (
				B2DC77D826491D0C001C23BE /* HomeVC.swift in Sources */,
				B2DC77F1264920AC001C23BE /* GameVC.swift in Sources */,
				B2DC77D426491D0C001C23BE /* AppDelegate.swift in Sources */,
				B2DC77D626491D0C001C23BE /* SceneDelegate.swift in Sources */,
				B2DC77EB2649206D001C23BE /* nameOfPlayersVC.swift in Sources */,
				B2DC77EE2649208E001C23BE /* ChooseYourNumberVC.swift in Sources */,
			);
			runOnlyForDeploymentPostprocessing = 0;
		};
/* End PBXSourcesBuildPhase section */

/* Begin PBXVariantGroup section */
		B2DC77D926491D0C001C23BE /* Main.storyboard */ = {
			isa = PBXVariantGroup;
			children = (
				B2DC77DA26491D0C001C23BE /* Base */,
			);
			name = Main.storyboard;
			sourceTree = "<group>";
		};
		B2DC77DE26491D11001C23BE /* LaunchScreen.storyboard */ = {
			isa = PBXVariantGroup;
			children = (
				B2DC77DF26491D11001C23BE /* Base */,
			);
			name = LaunchScreen.storyboard;
			sourceTree = "<group>";
		};
/* End PBXVariantGroup section */

/* Begin XCBuildConfiguration section */
		B2DC77E226491D11001C23BE /* Debug */ = {
			isa = XCBuildConfiguration;
			buildSettings = {
				ALWAYS_SEARCH_USER_PATHS = NO;
				CLANG_ANALYZER_NONNULL = YES;
				CLANG_ANALYZER_NUMBER_OBJECT_CONVERSION = YES_AGGRESSIVE;
				CLANG_CXX_LANGUAGE_STANDARD = "gnu++14";
				CLANG_CXX_LIBRARY = "libc++";
				CLANG_ENABLE_MODULES = YES;
				CLANG_ENABLE_OBJC_ARC = YES;
				CLANG_ENABLE_OBJC_WEAK = YES;
				CLANG_WARN_BLOCK_CAPTURE_AUTORELEASING = YES;
				CLANG_WARN_BOOL_CONVERSION = YES;
				CLANG_WARN_COMMA = YES;
				CLANG_WARN_CONSTANT_CONVERSION = YES;
				CLANG_WARN_DEPRECATED_OBJC_IMPLEMENTATIONS = YES;
				CLANG_WARN_DIRECT_OBJC_ISA_USAGE = YES_ERROR;
				CLANG_WARN_DOCUMENTATION_COMMENTS = YES;
				CLANG_WARN_EMPTY_BODY = YES;
				CLANG_WARN_ENUM_CONVERSION = YES;
				CLANG_WARN_INFINITE_RECURSION = YES;
				CLANG_WARN_INT_CONVERSION = YES;
				CLANG_WARN_NON_LITERAL_NULL_CONVERSION = YES;
				CLANG_WARN_OBJC_IMPLICIT_RETAIN_SELF = YES;
				CLANG_WARN_OBJC_LITERAL_CONVERSION = YES;
				CLANG_WARN_OBJC_ROOT_CLASS = YES_ERROR;
				CLANG_WARN_QUOTED_INCLUDE_IN_FRAMEWORK_HEADER = YES;
				CLANG_WARN_RANGE_LOOP_ANALYSIS = YES;
				CLANG_WARN_STRICT_PROTOTYPES = YES;
				CLANG_WARN_SUSPICIOUS_MOVE = YES;
				CLANG_WARN_UNGUARDED_AVAILABILITY = YES_AGGRESSIVE;
				CLANG_WARN_UNREACHABLE_CODE = YES;
				CLANG_WARN__DUPLICATE_METHOD_MATCH = YES;
				COPY_PHASE_STRIP = NO;
				DEBUG_INFORMATION_FORMAT = dwarf;
				ENABLE_STRICT_OBJC_MSGSEND = YES;
				ENABLE_TESTABILITY = YES;
				GCC_C_LANGUAGE_STANDARD = gnu11;
				GCC_DYNAMIC_NO_PIC = NO;
				GCC_NO_COMMON_BLOCKS = YES;
				GCC_OPTIMIZATION_LEVEL = 0;
				GCC_PREPROCESSOR_DEFINITIONS = (
					"DEBUG=1",
					"$(inherited)",
				);
				GCC_WARN_64_TO_32_BIT_CONVERSION = YES;
				GCC_WARN_ABOUT_RETURN_TYPE = YES_ERROR;
				GCC_WARN_UNDECLARED_SELECTOR = YES;
				GCC_WARN_UNINITIALIZED_AUTOS = YES_AGGRESSIVE;
				GCC_WARN_UNUSED_FUNCTION = YES;
				GCC_WARN_UNUSED_VARIABLE = YES;
				IPHONEOS_DEPLOYMENT_TARGET = 14.4;
				MTL_ENABLE_DEBUG_INFO = INCLUDE_SOURCE;
				MTL_FAST_MATH = YES;
				ONLY_ACTIVE_ARCH = YES;
				SDKROOT = iphoneos;
				SWIFT_ACTIVE_COMPILATION_CONDITIONS = DEBUG;
				SWIFT_OPTIMIZATION_LEVEL = "-Onone";
			};
			name = Debug;
		};
		B2DC77E326491D11001C23BE /* Release */ = {
			isa = XCBuildConfiguration;
			buildSettings = {
				ALWAYS_SEARCH_USER_PATHS = NO;
				CLANG_ANALYZER_NONNULL = YES;
				CLANG_ANALYZER_NUMBER_OBJECT_CONVERSION = YES_AGGRESSIVE;
				CLANG_CXX_LANGUAGE_STANDARD = "gnu++14";
				CLANG_CXX_LIBRARY = "libc++";
				CLANG_ENABLE_MODULES = YES;
				CLANG_ENABLE_OBJC_ARC = YES;
				CLANG_ENABLE_OBJC_WEAK = YES;
				CLANG_WARN_BLOCK_CAPTURE_AUTORELEASING = YES;
				CLANG_WARN_BOOL_CONVERSION = YES;
				CLANG_WARN_COMMA = YES;
				CLANG_WARN_CONSTANT_CONVERSION = YES;
				CLANG_WARN_DEPRECATED_OBJC_IMPLEMENTATIONS = YES;
				CLANG_WARN_DIRECT_OBJC_ISA_USAGE = YES_ERROR;
				CLANG_WARN_DOCUMENTATION_COMMENTS = YES;
				CLANG_WARN_EMPTY_BODY = YES;
				CLANG_WARN_ENUM_CONVERSION = YES;
				CLANG_WARN_INFINITE_RECURSION = YES;
				CLANG_WARN_INT_CONVERSION = YES;
				CLANG_WARN_NON_LITERAL_NULL_CONVERSION = YES;
				CLANG_WARN_OBJC_IMPLICIT_RETAIN_SELF = YES;
				CLANG_WARN_OBJC_LITERAL_CONVERSION = YES;
				CLANG_WARN_OBJC_ROOT_CLASS = YES_ERROR;
				CLANG_WARN_QUOTED_INCLUDE_IN_FRAMEWORK_HEADER = YES;
				CLANG_WARN_RANGE_LOOP_ANALYSIS = YES;
				CLANG_WARN_STRICT_PROTOTYPES = YES;
				CLANG_WARN_SUSPICIOUS_MOVE = YES;
				CLANG_WARN_UNGUARDED_AVAILABILITY = YES_AGGRESSIVE;
				CLANG_WARN_UNREACHABLE_CODE = YES;
				CLANG_WARN__DUPLICATE_METHOD_MATCH = YES;
				COPY_PHASE_STRIP = NO;
				DEBUG_INFORMATION_FORMAT = "dwarf-with-dsym";
				ENABLE_NS_ASSERTIONS = NO;
				ENABLE_STRICT_OBJC_MSGSEND = YES;
				GCC_C_LANGUAGE_STANDARD = gnu11;
				GCC_NO_COMMON_BLOCKS = YES;
				GCC_WARN_64_TO_32_BIT_CONVERSION = YES;
				GCC_WARN_ABOUT_RETURN_TYPE = YES_ERROR;
				GCC_WARN_UNDECLARED_SELECTOR = YES;
				GCC_WARN_UNINITIALIZED_AUTOS = YES_AGGRESSIVE;
				GCC_WARN_UNUSED_FUNCTION = YES;
				GCC_WARN_UNUSED_VARIABLE = YES;
				IPHONEOS_DEPLOYMENT_TARGET = 14.4;
				MTL_ENABLE_DEBUG_INFO = NO;
				MTL_FAST_MATH = YES;
				SDKROOT = iphoneos;
				SWIFT_COMPILATION_MODE = wholemodule;
				SWIFT_OPTIMIZATION_LEVEL = "-O";
				VALIDATE_PRODUCT = YES;
			};
			name = Release;
		};
		B2DC77E526491D11001C23BE /* Debug */ = {
			isa = XCBuildConfiguration;
			buildSettings = {
				ASSETCATALOG_COMPILER_APPICON_NAME = AppIcon;
				ASSETCATALOG_COMPILER_GLOBAL_ACCENT_COLOR_NAME = AccentColor;
				CODE_SIGN_STYLE = Automatic;
				DEVELOPMENT_TEAM = 94GP4NL98M;
				INFOPLIST_FILE = 32/Info.plist;
				LD_RUNPATH_SEARCH_PATHS = (
					"$(inherited)",
					"@executable_path/Frameworks",
				);
				PRODUCT_BUNDLE_IDENTIFIER = "com.mertserkanaydin.-2";
				PRODUCT_NAME = "$(TARGET_NAME)";
				SWIFT_VERSION = 5.0;
				TARGETED_DEVICE_FAMILY = "1,2";
			};
			name = Debug;
		};
		B2DC77E626491D11001C23BE /* Release */ = {
			isa = XCBuildConfiguration;
			buildSettings = {
				ASSETCATALOG_COMPILER_APPICON_NAME = AppIcon;
				ASSETCATALOG_COMPILER_GLOBAL_ACCENT_COLOR_NAME = AccentColor;
				CODE_SIGN_STYLE = Automatic;
				DEVELOPMENT_TEAM = 94GP4NL98M;
				INFOPLIST_FILE = 32/Info.plist;
				LD_RUNPATH_SEARCH_PATHS = (
					"$(inherited)",
					"@executable_path/Frameworks",
				);
				PRODUCT_BUNDLE_IDENTIFIER = "com.mertserkanaydin.-2";
				PRODUCT_NAME = "$(TARGET_NAME)";
				SWIFT_VERSION = 5.0;
				TARGETED_DEVICE_FAMILY = "1,2";
			};
			name = Release;
		};
/* End XCBuildConfiguration section */

/* Begin XCConfigurationList section */
		B2DC77CB26491D0C001C23BE /* Build configuration list for PBXProject "32" */ = {
			isa = XCConfigurationList;
			buildConfigurations = (
				B2DC77E226491D11001C23BE /* Debug */,
				B2DC77E326491D11001C23BE /* Release */,
			);
			defaultConfigurationIsVisible = 0;
			defaultConfigurationName = Release;
		};
		B2DC77E426491D11001C23BE /* Build configuration list for PBXNativeTarget "32" */ = {
			isa = XCConfigurationList;
			buildConfigurations = (
				B2DC77E526491D11001C23BE /* Debug */,
				B2DC77E626491D11001C23BE /* Release */,
			);
			defaultConfigurationIsVisible = 0;
			defaultConfigurationName = Release;
		};
/* End XCConfigurationList section */
	};
	rootObject = B2DC77C826491D0C001C23BE /* Project object */;
}
